
Microsoft Visual Studio Solution File, Format Version 12.00
# Visual Studio Version 17
VisualStudioVersion = 17.0.31912.275
MinimumVisualStudioVersion = 10.0.40219.1
Project("{2150E333-8FDC-42A3-9474-1A3956D46DE8}") = "src", "src", "{0EA4A6E3-DDEC-426F-9892-8687F5490A7C}"
EndProject
Project("{2150E333-8FDC-42A3-9474-1A3956D46DE8}") = "Services", "Services", "{F7698B23-715D-4957-873F-FEEBA283587A}"
EndProject
Project("{9A19103F-16F7-4668-BE54-9A1E7A4F7556}") = "Tecoora.Services", "Tecoora.Services\Tecoora.Services.csproj", "{40886B65-74C0-44EF-BF75-7F8ED609F473}"
EndProject
Project("{9A19103F-16F7-4668-BE54-9A1E7A4F7556}") = "Tecoora.Iservices", "Tecoora.Iservices\Tecoora.Iservices.csproj", "{A2135258-DA3C-4172-92B5-E7A7D6374E96}"
EndProject
Project("{2150E333-8FDC-42A3-9474-1A3956D46DE8}") = "Repositories", "Repositories", "{150E508D-5176-4D8C-87B6-1BC9F5DB48E2}"
EndProject
Project("{9A19103F-16F7-4668-BE54-9A1E7A4F7556}") = "Tecoora.IRepository", "Tecoora.IRepository\Tecoora.IRepository.csproj", "{E7060190-53B6-41F7-A5BF-B2C2713786F7}"
EndProject
Project("{9A19103F-16F7-4668-BE54-9A1E7A4F7556}") = "Tecoora.Repository", "Tecoora.Repository\Tecoora.Repository.csproj", "{2F911C5B-6F56-441E-BFF3-FFD89F29E9CC}"
EndProject
Project("{2150E333-8FDC-42A3-9474-1A3956D46DE8}") = "Models", "Models", "{1808F1C9-0EB8-4D30-8DEC-33290743F109}"
EndProject
Project("{9A19103F-16F7-4668-BE54-9A1E7A4F7556}") = "Tecoora.Models", "Tecoora.Models\Tecoora.Models.csproj", "{3B3B8F61-8291-47EE-BACE-675B2154CD49}"
EndProject
Project("{2150E333-8FDC-42A3-9474-1A3956D46DE8}") = "Data", "Data", "{D12FBA5B-9739-413E-8C7A-FE0E71037525}"
EndProject
Project("{9A19103F-16F7-4668-BE54-9A1E7A4F7556}") = "Tecoora.DataContext", "Tecoora.DataContext\Tecoora.DataContext.csproj", "{72BBE39A-0BCE-49DE-85DC-CA11A681F9C5}"
EndProject
Project("{2150E333-8FDC-42A3-9474-1A3956D46DE8}") = "API", "API", "{0FB7BF9E-46E1-4BE4-8AA5-C4E69C16E920}"
EndProject
Project("{9A19103F-16F7-4668-BE54-9A1E7A4F7556}") = "Tecoora.API", "Tecoora.API\Tecoora.API.csproj", "{9A886E4E-2FD7-462A-839C-9EC89E498BB3}"
EndProject
Global
	GlobalSection(SolutionConfigurationPlatforms) = preSolution
		Debug|Any CPU = Debug|Any CPU
		Release|Any CPU = Release|Any CPU
	EndGlobalSection
	GlobalSection(ProjectConfigurationPlatforms) = postSolution
		{40886B65-74C0-44EF-BF75-7F8ED609F473}.Debug|Any CPU.ActiveCfg = Debug|Any CPU
		{40886B65-74C0-44EF-BF75-7F8ED609F473}.Debug|Any CPU.Build.0 = Debug|Any CPU
		{40886B65-74C0-44EF-BF75-7F8ED609F473}.Release|Any CPU.ActiveCfg = Release|Any CPU
		{40886B65-74C0-44EF-BF75-7F8ED609F473}.Release|Any CPU.Build.0 = Release|Any CPU
		{A2135258-DA3C-4172-92B5-E7A7D6374E96}.Debug|Any CPU.ActiveCfg = Debug|Any CPU
		{A2135258-DA3C-4172-92B5-E7A7D6374E96}.Debug|Any CPU.Build.0 = Debug|Any CPU
		{A2135258-DA3C-4172-92B5-E7A7D6374E96}.Release|Any CPU.ActiveCfg = Release|Any CPU
		{A2135258-DA3C-4172-92B5-E7A7D6374E96}.Release|Any CPU.Build.0 = Release|Any CPU
		{E7060190-53B6-41F7-A5BF-B2C2713786F7}.Debug|Any CPU.ActiveCfg = Debug|Any CPU
		{E7060190-53B6-41F7-A5BF-B2C2713786F7}.Debug|Any CPU.Build.0 = Debug|Any CPU
		{E7060190-53B6-41F7-A5BF-B2C2713786F7}.Release|Any CPU.ActiveCfg = Release|Any CPU
		{E7060190-53B6-41F7-A5BF-B2C2713786F7}.Release|Any CPU.Build.0 = Release|Any CPU
		{2F911C5B-6F56-441E-BFF3-FFD89F29E9CC}.Debug|Any CPU.ActiveCfg = Debug|Any CPU
		{2F911C5B-6F56-441E-BFF3-FFD89F29E9CC}.Debug|Any CPU.Build.0 = Debug|Any CPU
		{2F911C5B-6F56-441E-BFF3-FFD89F29E9CC}.Release|Any CPU.ActiveCfg = Release|Any CPU
		{2F911C5B-6F56-441E-BFF3-FFD89F29E9CC}.Release|Any CPU.Build.0 = Release|Any CPU
		{3B3B8F61-8291-47EE-BACE-675B2154CD49}.Debug|Any CPU.ActiveCfg = Debug|Any CPU
		{3B3B8F61-8291-47EE-BACE-675B2154CD49}.Debug|Any CPU.Build.0 = Debug|Any CPU
		{3B3B8F61-8291-47EE-BACE-675B2154CD49}.Release|Any CPU.ActiveCfg = Release|Any CPU
		{3B3B8F61-8291-47EE-BACE-675B2154CD49}.Release|Any CPU.Build.0 = Release|Any CPU
		{72BBE39A-0BCE-49DE-85DC-CA11A681F9C5}.Debug|Any CPU.ActiveCfg = Debug|Any CPU
		{72BBE39A-0BCE-49DE-85DC-CA11A681F9C5}.Debug|Any CPU.Build.0 = Debug|Any CPU
		{72BBE39A-0BCE-49DE-85DC-CA11A681F9C5}.Release|Any CPU.ActiveCfg = Release|Any CPU
		{72BBE39A-0BCE-49DE-85DC-CA11A681F9C5}.Release|Any CPU.Build.0 = Release|Any CPU
		{9A886E4E-2FD7-462A-839C-9EC89E498BB3}.Debug|Any CPU.ActiveCfg = Debug|Any CPU
		{9A886E4E-2FD7-462A-839C-9EC89E498BB3}.Debug|Any CPU.Build.0 = Debug|Any CPU
		{9A886E4E-2FD7-462A-839C-9EC89E498BB3}.Release|Any CPU.ActiveCfg = Release|Any CPU
		{9A886E4E-2FD7-462A-839C-9EC89E498BB3}.Release|Any CPU.Build.0 = Release|Any CPU
	EndGlobalSection
	GlobalSection(SolutionProperties) = preSolution
		HideSolutionNode = FALSE
	EndGlobalSection
	GlobalSection(NestedProjects) = preSolution
		{F7698B23-715D-4957-873F-FEEBA283587A} = {0EA4A6E3-DDEC-426F-9892-8687F5490A7C}
		{40886B65-74C0-44EF-BF75-7F8ED609F473} = {F7698B23-715D-4957-873F-FEEBA283587A}
		{A2135258-DA3C-4172-92B5-E7A7D6374E96} = {F7698B23-715D-4957-873F-FEEBA283587A}
		{150E508D-5176-4D8C-87B6-1BC9F5DB48E2} = {0EA4A6E3-DDEC-426F-9892-8687F5490A7C}
		{E7060190-53B6-41F7-A5BF-B2C2713786F7} = {150E508D-5176-4D8C-87B6-1BC9F5DB48E2}
		{2F911C5B-6F56-441E-BFF3-FFD89F29E9CC} = {150E508D-5176-4D8C-87B6-1BC9F5DB48E2}
		{1808F1C9-0EB8-4D30-8DEC-33290743F109} = {0EA4A6E3-DDEC-426F-9892-8687F5490A7C}
		{3B3B8F61-8291-47EE-BACE-675B2154CD49} = {1808F1C9-0EB8-4D30-8DEC-33290743F109}
		{D12FBA5B-9739-413E-8C7A-FE0E71037525} = {0EA4A6E3-DDEC-426F-9892-8687F5490A7C}
		{72BBE39A-0BCE-49DE-85DC-CA11A681F9C5} = {D12FBA5B-9739-413E-8C7A-FE0E71037525}
		{0FB7BF9E-46E1-4BE4-8AA5-C4E69C16E920} = {0EA4A6E3-DDEC-426F-9892-8687F5490A7C}
		{9A886E4E-2FD7-462A-839C-9EC89E498BB3} = {0FB7BF9E-46E1-4BE4-8AA5-C4E69C16E920}
	EndGlobalSection
	GlobalSection(ExtensibilityGlobals) = postSolution
		SolutionGuid = {76350609-CA3C-4441-804A-FA4A59D5D5DE}
	EndGlobalSection
EndGlobal
